Microsoft Visual Studio Solution File, Format Version 12.00
# Visual Studio Version 17
VisualStudioVersion = 17.5.2.0
MinimumVisualStudioVersion = 10.0.40219.1
Project("{FAE04EC0-301F-11D3-BF4B-00C04F79EFBC}") = "validarcpf", "validarcpf\validarcpf.csproj", "{D55C346D-E263-0063-C548-786F7B8FC331}"
EndProject
Global
	GlobalSection(SolutionConfigurationPlatforms) = preSolution
		Debug|Any CPU = Debug|Any CPU
		Release|Any CPU = Release|Any CPU
	EndGlobalSection
	GlobalSection(ProjectConfigurationPlatforms) = postSolution
		{D55C346D-E263-0063-C548-786F7B8FC331}.Debug|Any CPU.ActiveCfg = Debug|Any CPU
		{D55C346D-E263-0063-C548-786F7B8FC331}.Debug|Any CPU.Build.0 = Debug|Any CPU
		{D55C346D-E263-0063-C548-786F7B8FC331}.Release|Any CPU.ActiveCfg = Release|Any CPU
		{D55C346D-E263-0063-C548-786F7B8FC331}.Release|Any CPU.Build.0 = Release|Any CPU
	EndGlobalSection
	GlobalSection(SolutionProperties) = preSolution
		HideSolutionNode = FALSE
	EndGlobalSection
	GlobalSection(ExtensibilityGlobals) = postSolution
		SolutionGuid = {B07D537C-324C-41A7-A153-806696C6E211}
	EndGlobalSection
EndGlobal
